{
  "name": "fonts",
  "version": "1.0.0",
  "lockfileVersion": 3,
  "requires": true,
  "packages": {
    "": {
      "name": "fonts",
      "version": "1.0.0",
      "license": "ISC",
      "dependencies": {
        "cn-font-split": "^4.16.0"
      }
    },
    "node_modules/@chinese-fonts/font-contours": {
      "version": "1.0.0",
      "resolved": "https://registry.npmjs.org/@chinese-fonts/font-contours/-/font-contours-1.0.0.tgz",
      "integrity": "sha512-KJx2DuJEJ24horFEEXhmkxaBbDFEU6kdI5/eFQ6PJd2LJMEYV6/6/Rl9APS0UTA+KLTnZUG/IJleZ5f5fSA00g=="
    },
    "node_modules/@chinese-fonts/wawoff2": {
      "version": "2.0.6",
      "resolved": "https://registry.npmjs.org/@chinese-fonts/wawoff2/-/wawoff2-2.0.6.tgz",
      "integrity": "sha512-VOzIHX/qeAn0XWyaMRNuLVl3yqhpWNHPw9k28pjP2ThjrXYBV+YaJTnb1kJwoM+Nduda0KZNxWPX4esjqomaCg=="
    },
    "node_modules/@emnapi/core": {
      "version": "1.2.0",
      "resolved": "https://registry.npmjs.org/@emnapi/core/-/core-1.2.0.tgz",
      "integrity": "sha512-E7Vgw78I93we4ZWdYCb4DGAwRROGkMIXk7/y87UmANR+J6qsWusmC3gLt0H+O0KOt5e6O38U8oJamgbudrES/w==",
      "optional": true,
      "dependencies": {
        "@emnapi/wasi-threads": "1.0.1",
        "tslib": "^2.4.0"
      }
    },
    "node_modules/@emnapi/runtime": {
      "version": "1.2.0",
      "resolved": "https://registry.npmjs.org/@emnapi/runtime/-/runtime-1.2.0.tgz",
      "integrity": "sha512-bV21/9LQmcQeCPEg3BDFtvwL6cwiTMksYNWQQ4KOxCZikEGalWtenoZ0wCiukJINlGCIi2KXx01g4FoH/LxpzQ==",
      "optional": true,
      "dependencies": {
        "tslib": "^2.4.0"
      }
    },
    "node_modules/@emnapi/wasi-threads": {
      "version": "1.0.1",
      "resolved": "https://registry.npmjs.org/@emnapi/wasi-threads/-/wasi-threads-1.0.1.tgz",
      "integrity": "sha512-iIBu7mwkq4UQGeMEM8bLwNK962nXdhodeScX4slfQnRhEMMzvYivHhutCIk8uojvmASXXPC2WNEjwxFWk72Oqw==",
      "optional": true,
      "dependencies": {
        "tslib": "^2.4.0"
      }
    },
    "node_modules/@japont/unicode-range": {
      "version": "1.0.0",
      "resolved": "https://registry.npmjs.org/@japont/unicode-range/-/unicode-range-1.0.0.tgz",
      "integrity": "sha512-BckHvA2XdjRBVAWe2uceNuRf78lBeI28kyWEbfr/Q2pE17POkwuZ6WWY/UMv8FL9iBxhW4xfDoNLM9UVZaTeUQ=="
    },
    "node_modules/@konghayao/harfbuzzjs": {
      "version": "8.3.1",
      "resolved": "https://registry.npmjs.org/@konghayao/harfbuzzjs/-/harfbuzzjs-8.3.1.tgz",
      "integrity": "sha512-w0MZaFTF7O4YtXvUH/brV9VqvY5OfYxlZ9xDtqM3vrAIyq/KAckvJHyqWeMdmMQ9aCqWRfgZOLfhX3HQivWdOg=="
    },
    "node_modules/@konghayao/opentype.js": {
      "version": "2024.5.25",
      "resolved": "https://registry.npmjs.org/@konghayao/opentype.js/-/opentype.js-2024.5.25.tgz",
      "integrity": "sha512-v21TwE1gD/GsfD+6l941lQTMTjM3my8xZfvi9fcqmd04kM7561cKrosoJnSU2W0BrYjo3+hACWtSI/qlcAlVRQ==",
      "bin": {
        "ot": "bin/ot"
      }
    },
    "node_modules/@napi-rs/wasm-runtime": {
      "version": "0.1.2",
      "resolved": "https://registry.npmjs.org/@napi-rs/wasm-runtime/-/wasm-runtime-0.1.2.tgz",
      "integrity": "sha512-8JuczewTFIZ/XIjHQ+YlQUydHvlKx2hkcxtuGwh+t/t5zWyZct6YG4+xjHcq8xyc/e7FmFwf42Zj2YgICwmlvA==",
      "optional": true,
      "dependencies": {
        "@emnapi/core": "^1.1.0",
        "@emnapi/runtime": "^1.1.0",
        "@tybys/wasm-util": "^0.8.1"
      }
    },
    "node_modules/@napi-rs/woff-build": {
      "version": "0.2.0",
      "resolved": "https://registry.npmjs.org/@napi-rs/woff-build/-/woff-build-0.2.0.tgz",
      "integrity": "sha512-ybRwbMiL3lbmIAHLzJnfplx4UzcDC6H1Dxbvn40HSv0EkGo3m936em1ehW5IMcbv24RP1fnVDcf6yYPBiVkAMQ==",
      "engines": {
        "node": ">= 10"
      },
      "funding": {
        "type": "github",
        "url": "https://github.com/sponsors/Brooooooklyn"
      },
      "optionalDependencies": {
        "@napi-rs/woff-build-android-arm-eabi": "0.2.0",
        "@napi-rs/woff-build-android-arm64": "0.2.0",
        "@napi-rs/woff-build-darwin-arm64": "0.2.0",
        "@napi-rs/woff-build-darwin-x64": "0.2.0",
        "@napi-rs/woff-build-linux-arm64-gnu": "0.2.0",
        "@napi-rs/woff-build-linux-arm64-musl": "0.2.0",
        "@napi-rs/woff-build-linux-x64-gnu": "0.2.0",
        "@napi-rs/woff-build-linux-x64-musl": "0.2.0",
        "@napi-rs/woff-build-wasm32-wasi": "0.2.0",
        "@napi-rs/woff-build-win32-arm64-msvc": "0.2.0",
        "@napi-rs/woff-build-win32-ia32-msvc": "0.2.0",
        "@napi-rs/woff-build-win32-x64-msvc": "0.2.0"
      }
    },
    "node_modules/@napi-rs/woff-build-android-arm-eabi": {
      "version": "0.2.0",
      "resolved": "https://registry.npmjs.org/@napi-rs/woff-build-android-arm-eabi/-/woff-build-android-arm-eabi-0.2.0.tgz",
      "integrity": "sha512-XQQKCCQIHXFPgwpSdUUB6Vz5cjGPfTR1dgIZmkQ+p8iZzw4NE02kfOVmapJX7UZMk+fJL7eZsrhJezEVeb4pdg==",
      "cpu": [
        "arm"
      ],
      "optional": true,
      "os": [
        "android"
      ],
      "engines": {
        "node": ">= 10"
      }
    },
    "node_modules/@napi-rs/woff-build-android-arm64": {
      "version": "0.2.0",
      "resolved": "https://registry.npmjs.org/@napi-rs/woff-build-android-arm64/-/woff-build-android-arm64-0.2.0.tgz",
      "integrity": "sha512-AO86H/XDg8pVW4Z7PFUahhW9hI0/oWytYPP1ePOZD2kbvXCQ1TJ6Yf5OdRSqIpoj5mQ+DoyHTYMxq6F0n5nTrg==",
      "cpu": [
        "arm64"
      ],
      "optional": true,
      "os": [
        "android"
      ],
      "engines": {
        "node": ">= 10"
      }
    },
    "node_modules/@napi-rs/woff-build-darwin-arm64": {
      "version": "0.2.0",
      "resolved": "https://registry.npmjs.org/@napi-rs/woff-build-darwin-arm64/-/woff-build-darwin-arm64-0.2.0.tgz",
      "integrity": "sha512-i0Mo+74+SE4MHPFpwwkqhQ4r3um7STg8160PS3l/ZY/0O9swgsmkgSSEI2q1EGeaSP3KoJXi93QCGFPVpgYG4A==",
      "cpu": [
        "arm64"
      ],
      "optional": true,
      "os": [
        "darwin"
      ],
      "engines": {
        "node": ">= 10"
      }
    },
    "node_modules/@napi-rs/woff-build-darwin-x64": {
      "version": "0.2.0",
      "resolved": "https://registry.npmjs.org/@napi-rs/woff-build-darwin-x64/-/woff-build-darwin-x64-0.2.0.tgz",
      "integrity": "sha512-p1/ftT6dad1BrneCW9CMfmlkGUB/yljL44CMMCHyFtAu0YTL9fQgwjaifpM8Ak4Os3SczLJCVaYYcbznjoFCyA==",
      "cpu": [
        "x64"
      ],
      "optional": true,
      "os": [
        "darwin"
      ],
      "engines": {
        "node": ">= 10"
      }
    },
    "node_modules/@napi-rs/woff-build-linux-arm64-gnu": {
      "version": "0.2.0",
      "resolved": "https://registry.npmjs.org/@napi-rs/woff-build-linux-arm64-gnu/-/woff-build-linux-arm64-gnu-0.2.0.tgz",
      "integrity": "sha512-oTM0dCJ6x37tsL4EHlzDK7wMl33zoIDJ9u3lecEG5iou9fe+orMU7ul5Sg3sBCvQ8tPZaymX8mp/wDiRNv7rzA==",
      "cpu": [
        "arm64"
      ],
      "optional": true,
      "os": [
        "linux"
      ],
      "engines": {
        "node": ">= 10"
      }
    },
    "node_modules/@napi-rs/woff-build-linux-arm64-musl": {
      "version": "0.2.0",
      "resolved": "https://registry.npmjs.org/@napi-rs/woff-build-linux-arm64-musl/-/woff-build-linux-arm64-musl-0.2.0.tgz",
      "integrity": "sha512-ELzvhRLRQZiVVIo4pQIHjs42aCAQ/0B6PuVbo3nAWdef09i0L05xgOYoxnTICm/9ttHNSHSVV+1IKSVBmlZNgw==",
      "cpu": [
        "arm64"
      ],
      "optional": true,
      "os": [
        "linux"
      ],
      "engines": {
        "node": ">= 10"
      }
    },
    "node_modules/@napi-rs/woff-build-linux-x64-gnu": {
      "version": "0.2.0",
      "resolved": "https://registry.npmjs.org/@napi-rs/woff-build-linux-x64-gnu/-/woff-build-linux-x64-gnu-0.2.0.tgz",
      "integrity": "sha512-rTfnLP87A49SFY6JexfNurGl5ynvm9IeH0l2XgFKOqaiPijospOchDbl8aYR9niVzJoOXWLXxLqMM11lA37c1A==",
      "cpu": [
        "x64"
      ],
      "optional": true,
      "os": [
        "linux"
      ],
      "engines": {
        "node": ">= 10"
      }
    },
    "node_modules/@napi-rs/woff-build-linux-x64-musl": {
      "version": "0.2.0",
      "resolved": "https://registry.npmjs.org/@napi-rs/woff-build-linux-x64-musl/-/woff-build-linux-x64-musl-0.2.0.tgz",
      "integrity": "sha512-j4CJqFgtkff1tj7um8nxCPikthSjBrcGO3xJ7HQ/w00EcfOBDJMAW2/I2M/RGf1FNrgbQPDr+V0XqA8G0tRXSw==",
      "cpu": [
        "x64"
      ],
      "optional": true,
      "os": [
        "linux"
      ],
      "engines": {
        "node": ">= 10"
      }
    },
    "node_modules/@napi-rs/woff-build-wasm32-wasi": {
      "version": "0.2.0",
      "resolved": "https://registry.npmjs.org/@napi-rs/woff-build-wasm32-wasi/-/woff-build-wasm32-wasi-0.2.0.tgz",
      "integrity": "sha512-iBOBkw7EvLW3XWP/z17+j9+KQhK0FSb77vE3AYnbPoagqLNcZjezoPo2wG6yQLAbDmage3iVTLbnRn1Rkrba5Q==",
      "cpu": [
        "wasm32"
      ],
      "optional": true,
      "dependencies": {
        "@napi-rs/wasm-runtime": "^0.1.1"
      },
      "engines": {
        "node": ">=14.0.0"
      }
    },
    "node_modules/@napi-rs/woff-build-win32-arm64-msvc": {
      "version": "0.2.0",
      "resolved": "https://registry.npmjs.org/@napi-rs/woff-build-win32-arm64-msvc/-/woff-build-win32-arm64-msvc-0.2.0.tgz",
      "integrity": "sha512-T1qwe3MAKUD2cv9P8Ri0yV+EwWd2+sI2/Mq+M/NdLY+Bx+/2nsztrDq6CxGQvFb7oE8+rJrkrf9+JfEU2sC6Ew==",
      "cpu": [
        "arm64"
      ],
      "optional": true,
      "os": [
        "win32"
      ],
      "engines": {
        "node": ">= 10"
      }
    },
    "node_modules/@napi-rs/woff-build-win32-ia32-msvc": {
      "version": "0.2.0",
      "resolved": "https://registry.npmjs.org/@napi-rs/woff-build-win32-ia32-msvc/-/woff-build-win32-ia32-msvc-0.2.0.tgz",
      "integrity": "sha512-aN8fPycrsdwYqKAJEZ0NVKCDx5JL+RUlSaaQigLKyBMR/iW1YE4+plzDVMBQKKN+ebR8RMrsV5eUpFvbi9sAZw==",
      "cpu": [
        "ia32"
      ],
      "optional": true,
      "os": [
        "win32"
      ],
      "engines": {
        "node": ">= 10"
      }
    },
    "node_modules/@napi-rs/woff-build-win32-x64-msvc": {
      "version": "0.2.0",
      "resolved": "https://registry.npmjs.org/@napi-rs/woff-build-win32-x64-msvc/-/woff-build-win32-x64-msvc-0.2.0.tgz",
      "integrity": "sha512-6p5zjN239X6ca1uKBnXSBgT+s9hcMEBhrH4Dnf2zNTZW5CN/B15X16+tnpLHzNNgDthJQ8Rq9YmPQ/3v13lMWg==",
      "cpu": [
        "x64"
      ],
      "optional": true,
      "os": [
        "win32"
      ],
      "engines": {
        "node": ">= 10"
      }
    },
    "node_modules/@tybys/wasm-util": {
      "version": "0.8.3",
      "resolved": "https://registry.npmjs.org/@tybys/wasm-util/-/wasm-util-0.8.3.tgz",
      "integrity": "sha512-Z96T/L6dUFFxgFJ+pQtkPpne9q7i6kIPYCFnQBHSgSPV9idTsKfIhCss0h5iM9irweZCatkrdeP8yi5uM1eX6Q==",
      "optional": true,
      "dependencies": {
        "tslib": "^2.4.0"
      }
    },
    "node_modules/byte-size": {
      "version": "8.1.1",
      "resolved": "https://registry.npmjs.org/byte-size/-/byte-size-8.1.1.tgz",
      "integrity": "sha512-tUkzZWK0M/qdoLEqikxBWe4kumyuwjl3HO6zHTr4yEI23EojPtLYXdG1+AQY7MN0cGyNDvEaJ8wiYQm6P2bPxg==",
      "engines": {
        "node": ">=12.17"
      }
    },
    "node_modules/charenc": {
      "version": "0.0.2",
      "resolved": "https://registry.npmjs.org/charenc/-/charenc-0.0.2.tgz",
      "integrity": "sha512-yrLQ/yVUFXkzg7EDQsPieE/53+0RlaWTs+wBrvW36cyilJ2SaDWfl4Yj7MtLTXleV9uEKefbAGUPv2/iWSooRA==",
      "engines": {
        "node": "*"
      }
    },
    "node_modules/cn-font-split": {
      "version": "4.16.0",
      "resolved": "https://registry.npmjs.org/cn-font-split/-/cn-font-split-4.16.0.tgz",
      "integrity": "sha512-Peg94DCZ8fVQrHpmD8pE0J4LbqdcNqwyMbt+ytqr3zaqCTyjww7TbNRkgXA3LSfvc3ehUp6l3taYTSVGDR1oeA==",
      "dependencies": {
        "@chinese-fonts/font-contours": "^1.0.0",
        "@chinese-fonts/wawoff2": "2.0.6",
        "@japont/unicode-range": "^1.0.0",
        "@konghayao/harfbuzzjs": "8.3.1",
        "@konghayao/opentype.js": "2024.5.25",
        "@napi-rs/woff-build": "^0.2.0",
        "byte-size": "^8.1.1",
        "font-sharp": "^4.11.3",
        "fs-extra": "^11.1.1",
        "md5": "^2.3.0",
        "mri": "^1.2.0",
        "os-locale": "^6.0.2",
        "tslog": "^4.9.2",
        "workerpool": "^9.1.1"
      },
      "bin": {
        "cn-font-split": "bin/cn-font-split.mjs"
      }
    },
    "node_modules/crypt": {
      "version": "0.0.2",
      "resolved": "https://registry.npmjs.org/crypt/-/crypt-0.0.2.tgz",
      "integrity": "sha512-mCxBlsHFYh9C+HVpiEacem8FEBnMXgU9gy4zmNC+SXAZNB/1idgp/aulFJ4FgCi7GPEVbfyng092GqL2k2rmow==",
      "engines": {
        "node": "*"
      }
    },
    "node_modules/font-sharp": {
      "version": "4.11.3",
      "resolved": "https://registry.npmjs.org/font-sharp/-/font-sharp-4.11.3.tgz",
      "integrity": "sha512-XnLHdbQHsJjUq9vPpL2/q4eviYfSEjoWblxKdSPxNrWUmn/uZBJEtXMzxN282CSXoCIrvbo9k3LlBRFvHtorZQ==",
      "peerDependencies": {
        "@konghayao/harfbuzzjs": "^8"
      }
    },
    "node_modules/fs-extra": {
      "version": "11.2.0",
      "resolved": "https://registry.npmjs.org/fs-extra/-/fs-extra-11.2.0.tgz",
      "integrity": "sha512-PmDi3uwK5nFuXh7XDTlVnS17xJS7vW36is2+w3xcv8SVxiB4NyATf4ctkVY5bkSjX0Y4nbvZCq1/EjtEyr9ktw==",
      "dependencies": {
        "graceful-fs": "^4.2.0",
        "jsonfile": "^6.0.1",
        "universalify": "^2.0.0"
      },
      "engines": {
        "node": ">=14.14"
      }
    },
    "node_modules/graceful-fs": {
      "version": "4.2.11",
      "resolved": "https://registry.npmjs.org/graceful-fs/-/graceful-fs-4.2.11.tgz",
      "integrity": "sha512-RbJ5/jmFcNNCcDV5o9eTnBLJ/HszWV0P73bc+Ff4nS/rJj+YaS6IGyiOL0VoBYX+l1Wrl3k63h/KrH+nhJ0XvQ=="
    },
    "node_modules/invert-kv": {
      "version": "3.0.1",
      "resolved": "https://registry.npmjs.org/invert-kv/-/invert-kv-3.0.1.tgz",
      "integrity": "sha512-CYdFeFexxhv/Bcny+Q0BfOV+ltRlJcd4BBZBYFX/O0u4npJrgZtIcjokegtiSMAvlMTJ+Koq0GBCc//3bueQxw==",
      "engines": {
        "node": ">=8"
      },
      "funding": {
        "url": "https://github.com/sindresorhus/invert-kv?sponsor=1"
      }
    },
    "node_modules/is-buffer": {
      "version": "1.1.6",
      "resolved": "https://registry.npmjs.org/is-buffer/-/is-buffer-1.1.6.tgz",
      "integrity": "sha512-NcdALwpXkTm5Zvvbk7owOUSvVvBKDgKP5/ewfXEznmQFfs4ZRmanOeKBTjRVjka3QFoN6XJ+9F3USqfHqTaU5w=="
    },
    "node_modules/jsonfile": {
      "version": "6.1.0",
      "resolved": "https://registry.npmjs.org/jsonfile/-/jsonfile-6.1.0.tgz",
      "integrity": "sha512-5dgndWOriYSm5cnYaJNhalLNDKOqFwyDB/rr1E9ZsGciGvKPs8R2xYGCacuf3z6K1YKDz182fd+fY3cn3pMqXQ==",
      "dependencies": {
        "universalify": "^2.0.0"
      },
      "optionalDependencies": {
        "graceful-fs": "^4.1.6"
      }
    },
    "node_modules/lcid": {
      "version": "3.1.1",
      "resolved": "https://registry.npmjs.org/lcid/-/lcid-3.1.1.tgz",
      "integrity": "sha512-M6T051+5QCGLBQb8id3hdvIW8+zeFV2FyBGFS9IEK5H9Wt4MueD4bW1eWikpHgZp+5xR3l5c8pZUkQsIA0BFZg==",
      "dependencies": {
        "invert-kv": "^3.0.0"
      },
      "engines": {
        "node": ">=8"
      }
    },
    "node_modules/md5": {
      "version": "2.3.0",
      "resolved": "https://registry.npmjs.org/md5/-/md5-2.3.0.tgz",
      "integrity": "sha512-T1GITYmFaKuO91vxyoQMFETst+O71VUPEU3ze5GNzDm0OWdP8v1ziTaAEPUr/3kLsY3Sftgz242A1SetQiDL7g==",
      "dependencies": {
        "charenc": "0.0.2",
        "crypt": "0.0.2",
        "is-buffer": "~1.1.6"
      }
    },
    "node_modules/mri": {
      "version": "1.2.0",
      "resolved": "https://registry.npmjs.org/mri/-/mri-1.2.0.tgz",
      "integrity": "sha512-tzzskb3bG8LvYGFF/mDTpq3jpI6Q9wc3LEmBaghu+DdCssd1FakN7Bc0hVNmEyGq1bq3RgfkCb3cmQLpNPOroA==",
      "engines": {
        "node": ">=4"
      }
    },
    "node_modules/os-locale": {
      "version": "6.0.2",
      "resolved": "https://registry.npmjs.org/os-locale/-/os-locale-6.0.2.tgz",
      "integrity": "sha512-qIb8bzRqaN/vVqEYZ7lTAg6PonskO7xOmM7OClD28F6eFa4s5XGe4bGpHUHMoCHbNNuR0pDYFeSLiW5bnjWXIA==",
      "dependencies": {
        "lcid": "^3.1.1"
      },
      "engines": {
        "node": ">=12.20"
      },
      "funding": {
        "url": "https://github.com/sponsors/sindresorhus"
      }
    },
    "node_modules/tslib": {
      "version": "2.6.3",
      "resolved": "https://registry.npmjs.org/tslib/-/tslib-2.6.3.tgz",
      "integrity": "sha512-xNvxJEOUiWPGhUuUdQgAJPKOOJfGnIyKySOc09XkKsgdUV/3E2zvwZYdejjmRgPCgcym1juLH3226yA7sEFJKQ==",
      "optional": true
    },
    "node_modules/tslog": {
      "version": "4.9.3",
      "resolved": "https://registry.npmjs.org/tslog/-/tslog-4.9.3.tgz",
      "integrity": "sha512-oDWuGVONxhVEBtschLf2cs/Jy8i7h1T+CpdkTNWQgdAF7DhRo2G8vMCgILKe7ojdEkLhICWgI1LYSSKaJsRgcw==",
      "engines": {
        "node": ">=16"
      },
      "funding": {
        "url": "https://github.com/fullstack-build/tslog?sponsor=1"
      }
    },
    "node_modules/universalify": {
      "version": "2.0.1",
      "resolved": "https://registry.npmjs.org/universalify/-/universalify-2.0.1.tgz",
      "integrity": "sha512-gptHNQghINnc/vTGIk0SOFGFNXw7JVrlRUtConJRlvaw6DuX0wO5Jeko9sWrMBhh+PsYAZ7oXAiOnf/UKogyiw==",
      "engines": {
        "node": ">= 10.0.0"
      }
    },
    "node_modules/workerpool": {
      "version": "9.1.3",
      "resolved": "https://registry.npmjs.org/workerpool/-/workerpool-9.1.3.tgz",
      "integrity": "sha512-LhUrk4tbxJRDQmRrrFWA9EnboXI79fe0ZNTy3u8m+dqPN1EkVSIsQYAB8OF/fkyhG8Rtup+c/bzj/+bzbG8fqg=="
    }
  }
}
